PODS:
  - AFNetworking (1.3.4)
  - ARChromeActivity (1.0.1)
  - ARSafariActivity (0.0.1)
  - AutoScrollLabel (0.2.1)
  - Chivy (0.2.0):
    - Chivy/Core
  - Chivy/Core (0.2.0):
    - ARChromeActivity
    - ARSafariActivity
    - AutoScrollLabel
    - Chivy/Core-no-arc
    - DKNavbarBackButton
    - NJKWebViewProgress
  - Chivy/Core-no-arc (0.2.0):
    - Chivy/Core
  - CocoaLumberjack (1.8.1):
    - CocoaLumberjack/Extensions
  - CocoaLumberjack/Core (1.8.1)
  - CocoaLumberjack/Extensions (1.8.1):
    - CocoaLumberjack/Core
  - DKNavbarBackButton (0.1.4):
    - DKNavbarBackButton/core
  - DKNavbarBackButton/core (0.1.4)
  - FreeStreamer (2.1.2)
  - ILTranslucentView (0.0.1)
  - ISO8601DateFormatterValueTransformer (0.5.0):
    - RKValueTransformers (~> 1.0.0)
  - NJKWebViewProgress (0.2.3):
    - NJKWebViewProgress/Core
    - NJKWebViewProgress/ProgressView
  - NJKWebViewProgress/Core (0.2.3)
  - NJKWebViewProgress/ProgressView (0.2.3)
  - OHAttributedLabel (3.5.4)
  - RegexKitLite (4.0)
  - RestKit (0.22.0):
    - RestKit/Core
  - RestKit-Syndicate (0.1.0):
    - RestKit-Syndicate/Core
  - RestKit-Syndicate/Core (0.1.0):
    - RestKit
  - RestKit/Core (0.22.0):
    - RestKit/CoreData
    - RestKit/Network
    - RestKit/ObjectMapping
  - RestKit/CoreData (0.22.0)
  - RestKit/Network (0.22.0):
    - AFNetworking (~> 1.3.0)
    - RestKit/ObjectMapping
    - RestKit/Support
    - SOCKit
  - RestKit/ObjectMapping (0.22.0):
    - ISO8601DateFormatterValueTransformer (~> 0.5.0)
    - RestKit/Support
    - RKValueTransformers (~> 1.0.1)
  - RestKit/Support (0.22.0):
    - TransitionKit (= 2.0.0)
  - RKValueTransformers (1.0.1)
  - RKXMLDictionarySerialization (1.1.0):
    - RKXMLDictionarySerialization/Core
  - RKXMLDictionarySerialization/Core (1.1.0):
    - RestKit
    - XMLDictionary (>= 1.4)
  - SDWebImage (3.6):
    - SDWebImage/Core
  - SDWebImage/Core (3.6)
  - SOCKit (1.1)
  - StreamingKit (0.1.22)
  - TransitionKit (2.0.0)
  - Wabbly (1.0.0):
    - Wabbly/Core
  - Wabbly/Core (1.0.0)
  - XMLDictionary (1.4)

DEPENDENCIES:
  - AutoScrollLabel
  - Chivy (from `https://github.com/DZamataev/Chivy.git`, branch `master`)
  - CocoaLumberjack
  - FreeStreamer
  - ILTranslucentView (from `https://github.com/ivoleko/ILTranslucentView.git`, branch `master`)
  - OHAttributedLabel
  - RegexKitLite
  - RestKit (= 0.22.0)
  - RestKit-Syndicate (from `https://github.com/DZamataev/RestKit-Syndicate.git`, branch `master`)
  - RKXMLDictionarySerialization
  - SDWebImage
  - StreamingKit
  - Wabbly
  - XMLDictionary

EXTERNAL SOURCES:
  Chivy:
    :branch: master
    :git: https://github.com/DZamataev/Chivy.git
  ILTranslucentView:
    :branch: master
    :git: https://github.com/ivoleko/ILTranslucentView.git
  RestKit-Syndicate:
    :branch: master
    :git: https://github.com/DZamataev/RestKit-Syndicate.git

SPEC CHECKSUMS:
  AFNetworking: e403d4333a4e1956cb3fe42364c3c879f820c9a0
  ARChromeActivity: eb9770a933cfe2b914b8e4e22b684eb7f43f24df
  ARSafariActivity: 5a99ddb49c748d32682fab566452f002d9177bbb
  AutoScrollLabel: 4978b57536512a3ebf4705b1b5618354bcf4ac84
  Chivy: e92938970f750d0c2ec47b745c25b2b4ffff6282
  CocoaLumberjack: 020378ec400d658923bf5887178394f65f052c90
  DKNavbarBackButton: f8302431f4fd2bfbb31ab4075247524d07a889df
  FreeStreamer: 25b14eb140ff2baba7d32c8b02b2de756f73e82b
  ILTranslucentView: e749bfe8f9659b122c0b384a6533feb9850ce32a
  ISO8601DateFormatterValueTransformer: d0af1f50a9df42db72d7418db31938b8473e0af8
  NJKWebViewProgress: 2e7a17adf394a54b0203f544b354c2f1022eb651
  OHAttributedLabel: 8fec862b9ba3e7e9a8ff624e21c9f00c56eb195a
  RegexKitLite: b16f029b518614394438e17b7d1df8bfa1e5a81e
  RestKit: dc107a0aa4f962575ad0385bac5b3c5e4f591f4e
  RestKit-Syndicate: ad35b07f04ae88fb2c3849e851c0f34360104b2a
  RKValueTransformers: 1562d458b9c9d59ce777bfc5982f2e1aef2e9182
  RKXMLDictionarySerialization: d17cf8c25a732d29a90feac165cfe707f13d3b29
  SDWebImage: 7eb273e54ca8a2e506ad9bd5e80c35b2a4d7c95e
  SOCKit: 8871d058926a6c6cc144f0c5eee82c5d0ec274a3
  StreamingKit: c6c52c41dfabaf132de8b54b8ddb1acfb67844ad
  TransitionKit: 433284465abacdc07852d7db6dd0cc075010059a
  Wabbly: 2322390cac953286f7b0b0672444d6866687e706
  XMLDictionary: a6ede1b0f7e8acd0ee3495e93350a311be2bfd1e

COCOAPODS: 0.32.1
